
Microsoft Visual Studio Solution File, Format Version 12.00
# Visual Studio Version 17
VisualStudioVersion = 17.13.35806.99 d17.13
MinimumVisualStudioVersion = 10.0.40219.1
Project("{FAE04EC0-301F-11D3-BF4B-00C04F79EFBC}") = "CryptoPriceFetcher", "CryptoPricePredictor\CryptoPriceFetcher.csproj", "{A349927E-CD46-4B3D-92CE-9A162A19E575}"
EndProject
Project("{FAE04EC0-301F-11D3-BF4B-00C04F79EFBC}") = "CryptoPriceFetcher.Tests", "CryptoPricePredictor.Tests\CryptoPriceFetcher.Tests.csproj", "{692D8DB8-C091-4012-A7AC-45173B4CAB66}"
	ProjectSection(ProjectDependencies) = postProject
		{A349927E-CD46-4B3D-92CE-9A162A19E575} = {A349927E-CD46-4B3D-92CE-9A162A19E575}
	EndProjectSection
EndProject
Global
	GlobalSection(SolutionConfigurationPlatforms) = preSolution
		Debug|Any CPU = Debug|Any CPU
		Release|Any CPU = Release|Any CPU
	EndGlobalSection
	GlobalSection(ProjectConfigurationPlatforms) = postSolution
		{A349927E-CD46-4B3D-92CE-9A162A19E575}.Debug|Any CPU.ActiveCfg = Debug|Any CPU
		{A349927E-CD46-4B3D-92CE-9A162A19E575}.Debug|Any CPU.Build.0 = Debug|Any CPU
		{A349927E-CD46-4B3D-92CE-9A162A19E575}.Release|Any CPU.ActiveCfg = Release|Any CPU
		{A349927E-CD46-4B3D-92CE-9A162A19E575}.Release|Any CPU.Build.0 = Release|Any CPU
		{692D8DB8-C091-4012-A7AC-45173B4CAB66}.Debug|Any CPU.ActiveCfg = Debug|Any CPU
		{692D8DB8-C091-4012-A7AC-45173B4CAB66}.Debug|Any CPU.Build.0 = Debug|Any CPU
		{692D8DB8-C091-4012-A7AC-45173B4CAB66}.Release|Any CPU.ActiveCfg = Release|Any CPU
		{692D8DB8-C091-4012-A7AC-45173B4CAB66}.Release|Any CPU.Build.0 = Release|Any CPU
	EndGlobalSection
	GlobalSection(SolutionProperties) = preSolution
		HideSolutionNode = FALSE
	EndGlobalSection
	GlobalSection(ExtensibilityGlobals) = postSolution
		SolutionGuid = {2C554C71-2422-4F46-A405-485BAD7BD408}
	EndGlobalSection
EndGlobal
